// !$*UTF8*$!
{
	archiveVersion = 1;
	classes = {
	};
	objectVersion = 46;
	objects = {

/* Begin PBXBuildFile section */
		77374A381E963B30006AF724 /* DetailTableViewController.swift in Sources */ = {isa = PBXBuildFile; fileRef = 77374A371E963B30006AF724 /* DetailTableViewController.swift */; };
		778223EF1E946CB300BA89B9 /* CourseDelegate.swift in Sources */ = {isa = PBXBuildFile; fileRef = 778223EE1E946CB300BA89B9 /* CourseDelegate.swift */; };
		778223F11E946CCE00BA89B9 /* CourseDataSource.swift in Sources */ = {isa = PBXBuildFile; fileRef = 778223F01E946CCE00BA89B9 /* CourseDataSource.swift */; };
		77E15FA71E9463320092B24A /* AppDelegate.swift in Sources */ = {isa = PBXBuildFile; fileRef = 77E15FA61E9463320092B24A /* AppDelegate.swift */; };
		77E15FA91E9463320092B24A /* MasterTableVC.swift in Sources */ = {isa = PBXBuildFile; fileRef = 77E15FA81E9463320092B24A /* MasterTableVC.swift */; };
		77E15FAC1E9463320092B24A /* Main.storyboard in Resources */ = {isa = PBXBuildFile; fileRef = 77E15FAA1E9463320092B24A /* Main.storyboard */; };
		77E15FAF1E9463320092B24A /* RelationshipOneToMany.xcdatamodeld in Sources */ = {isa = PBXBuildFile; fileRef = 77E15FAD1E9463320092B24A /* RelationshipOneToMany.xcdatamodeld */; };
		77E15FB11E9463320092B24A /* Assets.xcassets in Resources */ = {isa = PBXBuildFile; fileRef = 77E15FB01E9463320092B24A /* Assets.xcassets */; };
		77E15FB41E9463320092B24A /* LaunchScreen.storyboard in Resources */ = {isa = PBXBuildFile; fileRef = 77E15FB21E9463320092B24A /* LaunchScreen.storyboard */; };
		77E15FD81E9464590092B24A /* DetailViewController.swift in Sources */ = {isa = PBXBuildFile; fileRef = 77E15FD71E9464590092B24A /* DetailViewController.swift */; };
		77E15FDB1E9465190092B24A /* StudentDelegate.swift in Sources */ = {isa = PBXBuildFile; fileRef = 77E15FDA1E9465190092B24A /* StudentDelegate.swift */; };
		77E15FDD1E9465360092B24A /* StudentDataSource.swift in Sources */ = {isa = PBXBuildFile; fileRef = 77E15FDC1E9465360092B24A /* StudentDataSource.swift */; };
		77E15FE01E94655C0092B24A /* DataService.swift in Sources */ = {isa = PBXBuildFile; fileRef = 77E15FDF1E94655C0092B24A /* DataService.swift */; };
		77E15FE31E94662D0092B24A /* DatabaseController.swift in Sources */ = {isa = PBXBuildFile; fileRef = 77E15FE21E94662D0092B24A /* DatabaseController.swift */; };
/* End PBXBuildFile section */

/* Begin PBXContainerItemProxy section */
		77E15FBB1E9463320092B24A /* PBXContainerItemProxy */ = {
			isa = PBXContainerItemProxy;
			containerPortal = 77E15F9B1E9463310092B24A /* Project object */;
			proxyType = 1;
			remoteGlobalIDString = 77E15FA21E9463310092B24A;
			remoteInfo = RelationshipOneToMany;
		};
		77E15FC61E9463320092B24A /* PBXContainerItemProxy */ = {
			isa = PBXContainerItemProxy;
			containerPortal = 77E15F9B1E9463310092B24A /* Project object */;
			proxyType = 1;
			remoteGlobalIDString = 77E15FA21E9463310092B24A;
			remoteInfo = RelationshipOneToMany;
		};
/* End PBXContainerItemProxy section */

/* Begin PBXFileReference section */
		77374A371E963B30006AF724 /* DetailTableViewController.swift */ = {isa = PBXFileReference; fileEncoding = 4; lastKnownFileType = sourcecode.swift; path = DetailTableViewController.swift; sourceTree = "<group>"; };
		778223EE1E946CB300BA89B9 /* CourseDelegate.swift */ = {isa = PBXFileReference; fileEncoding = 4; lastKnownFileType = sourcecode.swift; path = CourseDelegate.swift; sourceTree = "<group>"; };
		778223F01E946CCE00BA89B9 /* CourseDataSource.swift */ = {isa = PBXFileReference; fileEncoding = 4; lastKnownFileType = sourcecode.swift; path = CourseDataSource.swift; sourceTree = "<group>"; };
		77E15FA31E9463310092B24A /* RelationshipOneToMany.app */ = {isa = PBXFileReference; explicitFileType = wrapper.application; includeInIndex = 0; path = RelationshipOneToMany.app; sourceTree = BUILT_PRODUCTS_DIR; };
		77E15FA61E9463320092B24A /* AppDelegate.swift */ = {isa = PBXFileReference; lastKnownFileType = sourcecode.swift; path = AppDelegate.swift; sourceTree = "<group>"; };
		77E15FA81E9463320092B24A /* MasterTableVC.swift */ = {isa = PBXFileReference; lastKnownFileType = sourcecode.swift; path = MasterTableVC.swift; sourceTree = "<group>"; };
		77E15FAB1E9463320092B24A /* Base */ = {isa = PBXFileReference; lastKnownFileType = file.storyboard; name = Base; path = Base.lproj/Main.storyboard; sourceTree = "<group>"; };
		77E15FAE1E9463320092B24A /* RelationshipOneToMany.xcdatamodel */ = {isa = PBXFileReference; lastKnownFileType = wrapper.xcdatamodel; path = RelationshipOneToMany.xcdatamodel; sourceTree = "<group>"; };
		77E15FB01E9463320092B24A /* Assets.xcassets */ = {isa = PBXFileReference; lastKnownFileType = folder.assetcatalog; path = Assets.xcassets; sourceTree = "<group>"; };
		77E15FB31E9463320092B24A /* Base */ = {isa = PBXFileReference; lastKnownFileType = file.storyboard; name = Base; path = Base.lproj/LaunchScreen.storyboard; sourceTree = "<group>"; };
		77E15FB51E9463320092B24A /* Info.plist */ = {isa = PBXFileReference; lastKnownFileType = text.plist.xml; path = Info.plist; sourceTree = "<group>"; };
		77E15FBA1E9463320092B24A /* RelationshipOneToManyTests.xctest */ = {isa = PBXFileReference; explicitFileType = wrapper.cfbundle; includeInIndex = 0; path = RelationshipOneToManyTests.xctest; sourceTree = BUILT_PRODUCTS_DIR; };
		77E15FC51E9463320092B24A /* RelationshipOneToManyUITests.xctest */ = {isa = PBXFileReference; explicitFileType = wrapper.cfbundle; includeInIndex = 0; path = RelationshipOneToManyUITests.xctest; sourceTree = BUILT_PRODUCTS_DIR; };
		77E15FD71E9464590092B24A /* DetailViewController.swift */ = {isa = PBXFileReference; fileEncoding = 4; lastKnownFileType = sourcecode.swift; path = DetailViewController.swift; sourceTree = "<group>"; };
		77E15FDA1E9465190092B24A /* StudentDelegate.swift */ = {isa = PBXFileReference; fileEncoding = 4; lastKnownFileType = sourcecode.swift; path = StudentDelegate.swift; sourceTree = "<group>"; };
		77E15FDC1E9465360092B24A /* StudentDataSource.swift */ = {isa = PBXFileReference; fileEncoding = 4; lastKnownFileType = sourcecode.swift; path = StudentDataSource.swift; sourceTree = "<group>"; };
		77E15FDF1E94655C0092B24A /* DataService.swift */ = {isa = PBXFileReference; fileEncoding = 4; lastKnownFileType = sourcecode.swift; path = DataService.swift; sourceTree = "<group>"; };
		77E15FE21E94662D0092B24A /* DatabaseController.swift */ = {isa = PBXFileReference; fileEncoding = 4; lastKnownFileType = sourcecode.swift; path = DatabaseController.swift; sourceTree = "<group>"; };
/* End PBXFileReference section */

/* Begin PBXFrameworksBuildPhase section */
		77E15FA01E9463310092B24A /* Frameworks */ = {
			isa = PBXFrameworksBuildPhase;
			buildActionMask = 2147483647;
			files = (
			);
			runOnlyForDeploymentPostprocessing = 0;
		};
		77E15FB71E9463320092B24A /* Frameworks */ = {
			isa = PBXFrameworksBuildPhase;
			buildActionMask = 2147483647;
			files = (
			);
			runOnlyForDeploymentPostprocessing = 0;
		};
		77E15FC21E9463320092B24A /* Frameworks */ = {
			isa = PBXFrameworksBuildPhase;
			buildActionMask = 2147483647;
			files = (
			);
			runOnlyForDeploymentPostprocessing = 0;
		};
/* End PBXFrameworksBuildPhase section */

/* Begin PBXGroup section */
		77374A391E96460D006AF724 /* Support Files */ = {
			isa = PBXGroup;
			children = (
				77E15FB01E9463320092B24A /* Assets.xcassets */,
				77E15FB21E9463320092B24A /* LaunchScreen.storyboard */,
				77E15FB51E9463320092B24A /* Info.plist */,
				77E15FAD1E9463320092B24A /* RelationshipOneToMany.xcdatamodeld */,
			);
			name = "Support Files";
			sourceTree = "<group>";
		};
		77E15F9A1E9463310092B24A = {
			isa = PBXGroup;
			children = (
				77E15FA51E9463310092B24A /* RelationshipOneToMany */,
				77E15FA41E9463310092B24A /* Products */,
			);
			sourceTree = "<group>";
		};
		77E15FA41E9463310092B24A /* Products */ = {
			isa = PBXGroup;
			children = (
				77E15FA31E9463310092B24A /* RelationshipOneToMany.app */,
				77E15FBA1E9463320092B24A /* RelationshipOneToManyTests.xctest */,
				77E15FC51E9463320092B24A /* RelationshipOneToManyUITests.xctest */,
			);
			name = Products;
			sourceTree = "<group>";
		};
		77E15FA51E9463310092B24A /* RelationshipOneToMany */ = {
			isa = PBXGroup;
			children = (
				77E15FA61E9463320092B24A /* AppDelegate.swift */,
				77E15FE11E9465630092B24A /* Model */,
				77E15FDE1E94654E0092B24A /* Delegate + DataSource */,
				77E15FD91E9465060092B24A /* ViewControllers */,
				77E15FAA1E9463320092B24A /* Main.storyboard */,
				77374A391E96460D006AF724 /* Support Files */,
			);
			path = RelationshipOneToMany;
			sourceTree = "<group>";
		};
		77E15FD91E9465060092B24A /* ViewControllers */ = {
			isa = PBXGroup;
			children = (
				77E15FA81E9463320092B24A /* MasterTableVC.swift */,
				77E15FD71E9464590092B24A /* DetailViewController.swift */,
				77374A371E963B30006AF724 /* DetailTableViewController.swift */,
			);
			name = ViewControllers;
			sourceTree = "<group>";
		};
		77E15FDE1E94654E0092B24A /* Delegate + DataSource */ = {
			isa = PBXGroup;
			children = (
				77E15FDA1E9465190092B24A /* StudentDelegate.swift */,
				77E15FDC1E9465360092B24A /* StudentDataSource.swift */,
				778223EE1E946CB300BA89B9 /* CourseDelegate.swift */,
				778223F01E946CCE00BA89B9 /* CourseDataSource.swift */,
			);
			name = "Delegate + DataSource";
			sourceTree = "<group>";
		};
		77E15FE11E9465630092B24A /* Model */ = {
			isa = PBXGroup;
			children = (
				77E15FE21E94662D0092B24A /* DatabaseController.swift */,
				77E15FDF1E94655C0092B24A /* DataService.swift */,
			);
			name = Model;
			sourceTree = "<group>";
		};
/* End PBXGroup section */

/* Begin PBXNativeTarget section */
		77E15FA21E9463310092B24A /* RelationshipOneToMany */ = {
			isa = PBXNativeTarget;
			buildConfigurationList = 77E15FCE1E9463320092B24A /* Build configuration list for PBXNativeTarget "RelationshipOneToMany" */;
			buildPhases = (
				77E15F9F1E9463310092B24A /* Sources */,
				77E15FA01E9463310092B24A /* Frameworks */,
				77E15FA11E9463310092B24A /* Resources */,
			);
			buildRules = (
			);
			dependencies = (
			);
			name = RelationshipOneToMany;
			productName = RelationshipOneToMany;
			productReference = 77E15FA31E9463310092B24A /* RelationshipOneToMany.app */;
			productType = "com.apple.product-type.application";
		};
		77E15FB91E9463320092B24A /* RelationshipOneToManyTests */ = {
			isa = PBXNativeTarget;
			buildConfigurationList = 77E15FD11E9463320092B24A /* Build configuration list for PBXNativeTarget "RelationshipOneToManyTests" */;
			buildPhases = (
				77E15FB61E9463320092B24A /* Sources */,
				77E15FB71E9463320092B24A /* Frameworks */,
				77E15FB81E9463320092B24A /* Resources */,
			);
			buildRules = (
			);
			dependencies = (
				77E15FBC1E9463320092B24A /* PBXTargetDependency */,
			);
			name = RelationshipOneToManyTests;
			productName = RelationshipOneToManyTests;
			productReference = 77E15FBA1E9463320092B24A /* RelationshipOneToManyTests.xctest */;
			productType = "com.apple.product-type.bundle.unit-test";
		};
		77E15FC41E9463320092B24A /* RelationshipOneToManyUITests */ = {
			isa = PBXNativeTarget;
			buildConfigurationList = 77E15FD41E9463320092B24A /* Build configuration list for PBXNativeTarget "RelationshipOneToManyUITests" */;
			buildPhases = (
				77E15FC11E9463320092B24A /* Sources */,
				77E15FC21E9463320092B24A /* Frameworks */,
				77E15FC31E9463320092B24A /* Resources */,
			);
			buildRules = (
			);
			dependencies = (
				77E15FC71E9463320092B24A /* PBXTargetDependency */,
			);
			name = RelationshipOneToManyUITests;
			productName = RelationshipOneToManyUITests;
			productReference = 77E15FC51E9463320092B24A /* RelationshipOneToManyUITests.xctest */;
			productType = "com.apple.product-type.bundle.ui-testing";
		};
/* End PBXNativeTarget section */

/* Begin PBXProject section */
		77E15F9B1E9463310092B24A /* Project object */ = {
			isa = PBXProject;
			attributes = {
				LastSwiftUpdateCheck = 0830;
				LastUpgradeCheck = 0830;
				ORGANIZATIONNAME = "Hien Bui";
				TargetAttributes = {
					77E15FA21E9463310092B24A = {
						CreatedOnToolsVersion = 8.3;
						ProvisioningStyle = Automatic;
					};
					77E15FB91E9463320092B24A = {
						CreatedOnToolsVersion = 8.3;
						ProvisioningStyle = Automatic;
						TestTargetID = 77E15FA21E9463310092B24A;
					};
					77E15FC41E9463320092B24A = {
						CreatedOnToolsVersion = 8.3;
						ProvisioningStyle = Automatic;
						TestTargetID = 77E15FA21E9463310092B24A;
					};
				};
			};
			buildConfigurationList = 77E15F9E1E9463310092B24A /* Build configuration list for PBXProject "RelationshipOneToMany" */;
			compatibilityVersion = "Xcode 3.2";
			developmentRegion = English;
			hasScannedForEncodings = 0;
			knownRegions = (
				en,
				Base,
			);
			mainGroup = 77E15F9A1E9463310092B24A;
			productRefGroup = 77E15FA41E9463310092B24A /* Products */;
			projectDirPath = "";
			projectRoot = "";
			targets = (
				77E15FA21E9463310092B24A /* RelationshipOneToMany */,
				77E15FB91E9463320092B24A /* RelationshipOneToManyTests */,
				77E15FC41E9463320092B24A /* RelationshipOneToManyUITests */,
			);
		};
/* End PBXProject section */

/* Begin PBXResourcesBuildPhase section */
		77E15FA11E9463310092B24A /* Resources */ = {
			isa = PBXResourcesBuildPhase;
			buildActionMask = 2147483647;
			files = (
				77E15FB41E9463320092B24A /* LaunchScreen.storyboard in Resources */,
				77E15FB11E9463320092B24A /* Assets.xcassets in Resources */,
				77E15FAC1E9463320092B24A /* Main.storyboard in Resources */,
			);
			runOnlyForDeploymentPostprocessing = 0;
		};
		77E15FB81E9463320092B24A /* Resources */ = {
			isa = PBXResourcesBuildPhase;
			buildActionMask = 2147483647;
			files = (
			);
			runOnlyForDeploymentPostprocessing = 0;
		};
		77E15FC31E9463320092B24A /* Resources */ = {
			isa = PBXResourcesBuildPhase;
			buildActionMask = 2147483647;
			files = (
			);
			runOnlyForDeploymentPostprocessing = 0;
		};
/* End PBXResourcesBuildPhase section */

/* Begin PBXSourcesBuildPhase section */
		77E15F9F1E9463310092B24A /* Sources */ = {
			isa = PBXSourcesBuildPhase;
			buildActionMask = 2147483647;
			files = (
				77E15FDB1E9465190092B24A /* StudentDelegate.swift in Sources */,
				77374A381E963B30006AF724 /* DetailTableViewController.swift in Sources */,
				77E15FE01E94655C0092B24A /* DataService.swift in Sources */,
				77E15FAF1E9463320092B24A /* RelationshipOneToMany.xcdatamodeld in Sources */,
				77E15FA91E9463320092B24A /* MasterTableVC.swift in Sources */,
				778223EF1E946CB300BA89B9 /* CourseDelegate.swift in Sources */,
				77E15FE31E94662D0092B24A /* DatabaseController.swift in Sources */,
				77E15FA71E9463320092B24A /* AppDelegate.swift in Sources */,
				778223F11E946CCE00BA89B9 /* CourseDataSource.swift in Sources */,
				77E15FDD1E9465360092B24A /* StudentDataSource.swift in Sources */,
				77E15FD81E9464590092B24A /* DetailViewController.swift in Sources */,
			);
			runOnlyForDeploymentPostprocessing = 0;
		};
		77E15FB61E9463320092B24A /* Sources */ = {
			isa = PBXSourcesBuildPhase;
			buildActionMask = 2147483647;
			files = (
			);
			runOnlyForDeploymentPostprocessing = 0;
		};
		77E15FC11E9463320092B24A /* Sources */ = {
			isa = PBXSourcesBuildPhase;
			buildActionMask = 2147483647;
			files = (
			);
			runOnlyForDeploymentPostprocessing = 0;
		};
/* End PBXSourcesBuildPhase section */

/* Begin PBXTargetDependency section */
		77E15FBC1E9463320092B24A /* PBXTargetDependency */ = {
			isa = PBXTargetDependency;
			target = 77E15FA21E9463310092B24A /* RelationshipOneToMany */;
			targetProxy = 77E15FBB1E9463320092B24A /* PBXContainerItemProxy */;
		};
		77E15FC71E9463320092B24A /* PBXTargetDependency */ = {
			isa = PBXTargetDependency;
			target = 77E15FA21E9463310092B24A /* RelationshipOneToMany */;
			targetProxy = 77E15FC61E9463320092B24A /* PBXContainerItemProxy */;
		};
/* End PBXTargetDependency section */

/* Begin PBXVariantGroup section */
		77E15FAA1E9463320092B24A /* Main.storyboard */ = {
			isa = PBXVariantGroup;
			children = (
				77E15FAB1E9463320092B24A /* Base */,
			);
			name = Main.storyboard;
			sourceTree = "<group>";
		};
		77E15FB21E9463320092B24A /* LaunchScreen.storyboard */ = {
			isa = PBXVariantGroup;
			children = (
				77E15FB31E9463320092B24A /* Base */,
			);
			name = LaunchScreen.storyboard;
			sourceTree = "<group>";
		};
/* End PBXVariantGroup section */

/* Begin XCBuildConfiguration section */
		77E15FCC1E9463320092B24A /* Debug */ = {
			isa = XCBuildConfiguration;
			buildSettings = {
				ALWAYS_SEARCH_USER_PATHS = NO;
				CLANG_ANALYZER_NONNULL = YES;
				CLANG_ANALYZER_NUMBER_OBJECT_CONVERSION = YES_AGGRESSIVE;
				CLANG_CXX_LANGUAGE_STANDARD = "gnu++0x";
				CLANG_CXX_LIBRARY = "libc++";
				CLANG_ENABLE_MODULES = YES;
				CLANG_ENABLE_OBJC_ARC = YES;
				CLANG_WARN_BOOL_CONVERSION = YES;
				CLANG_WARN_CONSTANT_CONVERSION = YES;
				CLANG_WARN_DIRECT_OBJC_ISA_USAGE = YES_ERROR;
				CLANG_WARN_DOCUMENTATION_COMMENTS = YES;
				CLANG_WARN_EMPTY_BODY = YES;
				CLANG_WARN_ENUM_CONVERSION = YES;
				CLANG_WARN_INFINITE_RECURSION = YES;
				CLANG_WARN_INT_CONVERSION = YES;
				CLANG_WARN_OBJC_ROOT_CLASS = YES_ERROR;
				CLANG_WARN_SUSPICIOUS_MOVE = YES;
				CLANG_WARN_UNREACHABLE_CODE = YES;
				CLANG_WARN__DUPLICATE_METHOD_MATCH = YES;
				"CODE_SIGN_IDENTITY[sdk=iphoneos*]" = "iPhone Developer";
				COPY_PHASE_STRIP = NO;
				DEBUG_INFORMATION_FORMAT = dwarf;
				ENABLE_STRICT_OBJC_MSGSEND = YES;
				ENABLE_TESTABILITY = YES;
				GCC_C_LANGUAGE_STANDARD = gnu99;
				GCC_DYNAMIC_NO_PIC = NO;
				GCC_NO_COMMON_BLOCKS = YES;
				GCC_OPTIMIZATION_LEVEL = 0;
				GCC_PREPROCESSOR_DEFINITIONS = (
					"DEBUG=1",
					"$(inherited)",
				);
				GCC_WARN_64_TO_32_BIT_CONVERSION = YES;
				GCC_WARN_ABOUT_RETURN_TYPE = YES_ERROR;
				GCC_WARN_UNDECLARED_SELECTOR = YES;
				GCC_WARN_UNINITIALIZED_AUTOS = YES_AGGRESSIVE;
				GCC_WARN_UNUSED_FUNCTION = YES;
				GCC_WARN_UNUSED_VARIABLE = YES;
				IPHONEOS_DEPLOYMENT_TARGET = 10.3;
				MTL_ENABLE_DEBUG_INFO = YES;
				ONLY_ACTIVE_ARCH = YES;
				SDKROOT = iphoneos;
				SWIFT_ACTIVE_COMPILATION_CONDITIONS = DEBUG;
				SWIFT_OPTIMIZATION_LEVEL = "-Onone";
			};
			name = Debug;
		};
		77E15FCD1E9463320092B24A /* Release */ = {
			isa = XCBuildConfiguration;
			buildSettings = {
				ALWAYS_SEARCH_USER_PATHS = NO;
				CLANG_ANALYZER_NONNULL = YES;
				CLANG_ANALYZER_NUMBER_OBJECT_CONVERSION = YES_AGGRESSIVE;
				CLANG_CXX_LANGUAGE_STANDARD = "gnu++0x";
				CLANG_CXX_LIBRARY = "libc++";
				CLANG_ENABLE_MODULES = YES;
				CLANG_ENABLE_OBJC_ARC = YES;
				CLANG_WARN_BOOL_CONVERSION = YES;
				CLANG_WARN_CONSTANT_CONVERSION = YES;
				CLANG_WARN_DIRECT_OBJC_ISA_USAGE = YES_ERROR;
				CLANG_WARN_DOCUMENTATION_COMMENTS = YES;
				CLANG_WARN_EMPTY_BODY = YES;
				CLANG_WARN_ENUM_CONVERSION = YES;
				CLANG_WARN_INFINITE_RECURSION = YES;
				CLANG_WARN_INT_CONVERSION = YES;
				CLANG_WARN_OBJC_ROOT_CLASS = YES_ERROR;
				CLANG_WARN_SUSPICIOUS_MOVE = YES;
				CLANG_WARN_UNREACHABLE_CODE = YES;
				CLANG_WARN__DUPLICATE_METHOD_MATCH = YES;
				"CODE_SIGN_IDENTITY[sdk=iphoneos*]" = "iPhone Developer";
				COPY_PHASE_STRIP = NO;
				DEBUG_INFORMATION_FORMAT = "dwarf-with-dsym";
				ENABLE_NS_ASSERTIONS = NO;
				ENABLE_STRICT_OBJC_MSGSEND = YES;
				GCC_C_LANGUAGE_STANDARD = gnu99;
				GCC_NO_COMMON_BLOCKS = YES;
				GCC_WARN_64_TO_32_BIT_CONVERSION = YES;
				GCC_WARN_ABOUT_RETURN_TYPE = YES_ERROR;
				GCC_WARN_UNDECLARED_SELECTOR = YES;
				GCC_WARN_UNINITIALIZED_AUTOS = YES_AGGRESSIVE;
				GCC_WARN_UNUSED_FUNCTION = YES;
				GCC_WARN_UNUSED_VARIABLE = YES;
				IPHONEOS_DEPLOYMENT_TARGET = 10.3;
				MTL_ENABLE_DEBUG_INFO = NO;
				SDKROOT = iphoneos;
				SWIFT_OPTIMIZATION_LEVEL = "-Owholemodule";
				VALIDATE_PRODUCT = YES;
			};
			name = Release;
		};
		77E15FCF1E9463320092B24A /* Debug */ = {
			isa = XCBuildConfiguration;
			buildSettings = {
				ASSETCATALOG_COMPILER_APPICON_NAME = AppIcon;
				INFOPLIST_FILE = RelationshipOneToMany/Info.plist;
				LD_RUNPATH_SEARCH_PATHS = "$(inherited) @executable_path/Frameworks";
				PRODUCT_BUNDLE_IDENTIFIER = bui.hien.RelationshipOneToMany;
				PRODUCT_NAME = "$(TARGET_NAME)";
				SWIFT_VERSION = 3.0;
			};
			name = Debug;
		};
		77E15FD01E9463320092B24A /* Release */ = {
			isa = XCBuildConfiguration;
			buildSettings = {
				ASSETCATALOG_COMPILER_APPICON_NAME = AppIcon;
				INFOPLIST_FILE = RelationshipOneToMany/Info.plist;
				LD_RUNPATH_SEARCH_PATHS = "$(inherited) @executable_path/Frameworks";
				PRODUCT_BUNDLE_IDENTIFIER = bui.hien.RelationshipOneToMany;
				PRODUCT_NAME = "$(TARGET_NAME)";
				SWIFT_VERSION = 3.0;
			};
			name = Release;
		};
		77E15FD21E9463320092B24A /* Debug */ = {
			isa = XCBuildConfiguration;
			buildSettings = {
				ALWAYS_EMBED_SWIFT_STANDARD_LIBRARIES = YES;
				BUNDLE_LOADER = "$(TEST_HOST)";
				INFOPLIST_FILE = RelationshipOneToManyTests/Info.plist;
				LD_RUNPATH_SEARCH_PATHS = "$(inherited) @executable_path/Frameworks @loader_path/Frameworks";
				PRODUCT_BUNDLE_IDENTIFIER = bui.hien.RelationshipOneToManyTests;
				PRODUCT_NAME = "$(TARGET_NAME)";
				SWIFT_VERSION = 3.0;
				TEST_HOST = "$(BUILT_PRODUCTS_DIR)/RelationshipOneToMany.app/RelationshipOneToMany";
			};
			name = Debug;
		};
		77E15FD31E9463320092B24A /* Release */ = {
			isa = XCBuildConfiguration;
			buildSettings = {
				ALWAYS_EMBED_SWIFT_STANDARD_LIBRARIES = YES;
				BUNDLE_LOADER = "$(TEST_HOST)";
				INFOPLIST_FILE = RelationshipOneToManyTests/Info.plist;
				LD_RUNPATH_SEARCH_PATHS = "$(inherited) @executable_path/Frameworks @loader_path/Frameworks";
				PRODUCT_BUNDLE_IDENTIFIER = bui.hien.RelationshipOneToManyTests;
				PRODUCT_NAME = "$(TARGET_NAME)";
				SWIFT_VERSION = 3.0;
				TEST_HOST = "$(BUILT_PRODUCTS_DIR)/RelationshipOneToMany.app/RelationshipOneToMany";
			};
			name = Release;
		};
		77E15FD51E9463320092B24A /* Debug */ = {
			isa = XCBuildConfiguration;
			buildSettings = {
				ALWAYS_EMBED_SWIFT_STANDARD_LIBRARIES = YES;
				INFOPLIST_FILE = RelationshipOneToManyUITests/Info.plist;
				LD_RUNPATH_SEARCH_PATHS = "$(inherited) @executable_path/Frameworks @loader_path/Frameworks";
				PRODUCT_BUNDLE_IDENTIFIER = bui.hien.RelationshipOneToManyUITests;
				PRODUCT_NAME = "$(TARGET_NAME)";
				SWIFT_VERSION = 3.0;
				TEST_TARGET_NAME = RelationshipOneToMany;
			};
			name = Debug;
		};
		77E15FD61E9463320092B24A /* Release */ = {
			isa = XCBuildConfiguration;
			buildSettings = {
				ALWAYS_EMBED_SWIFT_STANDARD_LIBRARIES = YES;
				INFOPLIST_FILE = RelationshipOneToManyUITests/Info.plist;
				LD_RUNPATH_SEARCH_PATHS = "$(inherited) @executable_path/Frameworks @loader_path/Frameworks";
				PRODUCT_BUNDLE_IDENTIFIER = bui.hien.RelationshipOneToManyUITests;
				PRODUCT_NAME = "$(TARGET_NAME)";
				SWIFT_VERSION = 3.0;
				TEST_TARGET_NAME = RelationshipOneToMany;
			};
			name = Release;
		};
/* End XCBuildConfiguration section */

/* Begin XCConfigurationList section */
		77E15F9E1E9463310092B24A /* Build configuration list for PBXProject "RelationshipOneToMany" */ = {
			isa = XCConfigurationList;
			buildConfigurations = (
				77E15FCC1E9463320092B24A /* Debug */,
				77E15FCD1E9463320092B24A /* Release */,
			);
			defaultConfigurationIsVisible = 0;
			defaultConfigurationName = Release;
		};
		77E15FCE1E9463320092B24A /* Build configuration list for PBXNativeTarget "RelationshipOneToMany" */ = {
			isa = XCConfigurationList;
			buildConfigurations = (
				77E15FCF1E9463320092B24A /* Debug */,
				77E15FD01E9463320092B24A /* Release */,
			);
			defaultConfigurationIsVisible = 0;
			defaultConfigurationName = Release;
		};
		77E15FD11E9463320092B24A /* Build configuration list for PBXNativeTarget "RelationshipOneToManyTests" */ = {
			isa = XCConfigurationList;
			buildConfigurations = (
				77E15FD21E9463320092B24A /* Debug */,
				77E15FD31E9463320092B24A /* Release */,
			);
			defaultConfigurationIsVisible = 0;
			defaultConfigurationName = Release;
		};
		77E15FD41E9463320092B24A /* Build configuration list for PBXNativeTarget "RelationshipOneToManyUITests" */ = {
			isa = XCConfigurationList;
			buildConfigurations = (
				77E15FD51E9463320092B24A /* Debug */,
				77E15FD61E9463320092B24A /* Release */,
			);
			defaultConfigurationIsVisible = 0;
			defaultConfigurationName = Release;
		};
/* End XCConfigurationList section */

/* Begin XCVersionGroup section */
		77E15FAD1E9463320092B24A /* RelationshipOneToMany.xcdatamodeld */ = {
			isa = XCVersionGroup;
			children = (
				77E15FAE1E9463320092B24A /* RelationshipOneToMany.xcdatamodel */,
			);
			currentVersion = 77E15FAE1E9463320092B24A /* RelationshipOneToMany.xcdatamodel */;
			path = RelationshipOneToMany.xcdatamodeld;
			sourceTree = "<group>";
			versionGroupType = wrapper.xcdatamodel;
		};
/* End XCVersionGroup section */
	};
	rootObject = 77E15F9B1E9463310092B24A /* Project object */;
}
